
Microsoft Visual Studio Solution File, Format Version 12.00
# Visual Studio Version 17
VisualStudioVersion = 17.7.34202.233
MinimumVisualStudioVersion = 10.0.40219.1
Project("{F184B08F-C81C-45F6-A57F-5ABD9991F28F}") = "trienlamtranh", "trienlamtranh.vbproj", "{A40272E3-7BA4-44C0-A689-DBD469FF4BDA}"
EndProject
Global
	GlobalSection(SolutionConfigurationPlatforms) = preSolution
		Debug|Any CPU = Debug|Any CPU
		Release|Any CPU = Release|Any CPU
	EndGlobalSection
	GlobalSection(ProjectConfigurationPlatforms) = postSolution
		{A40272E3-7BA4-44C0-A689-DBD469FF4BDA}.Debug|Any CPU.ActiveCfg = Debug|Any CPU
		{A40272E3-7BA4-44C0-A689-DBD469FF4BDA}.Debug|Any CPU.Build.0 = Debug|Any CPU
		{A40272E3-7BA4-44C0-A689-DBD469FF4BDA}.Release|Any CPU.ActiveCfg = Release|Any CPU
		{A40272E3-7BA4-44C0-A689-DBD469FF4BDA}.Release|Any CPU.Build.0 = Release|Any CPU
	EndGlobalSection
	GlobalSection(SolutionProperties) = preSolution
		HideSolutionNode = FALSE
	EndGlobalSection
	GlobalSection(ExtensibilityGlobals) = postSolution
		SolutionGuid = {58546875-B2BD-4D57-B725-99A474CF21DE}
	EndGlobalSection
EndGlobal
